Microsoft Visual Studio Solution File, Format Version 12.00
# Visual Studio Version 17
VisualStudioVersion = 17.5.2.0
MinimumVisualStudioVersion = 10.0.40219.1
Project("{FAE04EC0-301F-11D3-BF4B-00C04F79EFBC}") = "Watchly.Api", "Watchly.Api.csproj", "{ADDBA150-5ABD-ACCA-283A-0E9FAC31F6F0}"
EndProject
Global
	GlobalSection(SolutionConfigurationPlatforms) = preSolution
		Debug|Any CPU = Debug|Any CPU
		Release|Any CPU = Release|Any CPU
	EndGlobalSection
	GlobalSection(ProjectConfigurationPlatforms) = postSolution
		{ADDBA150-5ABD-ACCA-283A-0E9FAC31F6F0}.Debug|Any CPU.ActiveCfg = Debug|Any CPU
		{ADDBA150-5ABD-ACCA-283A-0E9FAC31F6F0}.Debug|Any CPU.Build.0 = Debug|Any CPU
		{ADDBA150-5ABD-ACCA-283A-0E9FAC31F6F0}.Release|Any CPU.ActiveCfg = Release|Any CPU
		{ADDBA150-5ABD-ACCA-283A-0E9FAC31F6F0}.Release|Any CPU.Build.0 = Release|Any CPU
	EndGlobalSection
	GlobalSection(SolutionProperties) = preSolution
		HideSolutionNode = FALSE
	EndGlobalSection
	GlobalSection(ExtensibilityGlobals) = postSolution
		SolutionGuid = {A35A43BB-46FC-4CDF-B244-CE9048B7C716}
	EndGlobalSection
EndGlobal
